// !$*UTF8*$!
{
	archiveVersion = 1;
	classes = {
	};
	objectVersion = 55;
	objects = {

/* Begin PBXBuildFile section */
		933B3AC1277B865400E8A35C /* AppDelegate.swift in Sources */ = {isa = PBXBuildFile; fileRef = 933B3AC0277B865400E8A35C /* AppDelegate.swift */; };
		933B3AC3277B865400E8A35C /* SceneDelegate.swift in Sources */ = {isa = PBXBuildFile; fileRef = 933B3AC2277B865400E8A35C /* SceneDelegate.swift */; };
		933B3AC5277B865400E8A35C /* ViewController.swift in Sources */ = {isa = PBXBuildFile; fileRef = 933B3AC4277B865400E8A35C /* ViewController.swift */; };
		933B3AC8277B865400E8A35C /* Main.storyboard in Resources */ = {isa = PBXBuildFile; fileRef = 933B3AC6277B865400E8A35C /* Main.storyboard */; };
		933B3ACA277B865600E8A35C /* Assets.xcassets in Resources */ = {isa = PBXBuildFile; fileRef = 933B3AC9277B865600E8A35C /* Assets.xcassets */; };
		933B3ACD277B865600E8A35C /* LaunchScreen.storyboard in Resources */ = {isa = PBXBuildFile; fileRef = 933B3ACB277B865600E8A35C /* LaunchScreen.storyboard */; };
		933B3AD8277B865700E8A35C /* iOSTestsDemo_UITests.swift in Sources */ = {isa = PBXBuildFile; fileRef = 933B3AD7277B865700E8A35C /* iOSTestsDemo_UITests.swift */; };
		933B3AE2277B865700E8A35C /* iOSTestsDemo_UIUITests.swift in Sources */ = {isa = PBXBuildFile; fileRef = 933B3AE1277B865700E8A35C /* iOSTestsDemo_UIUITests.swift */; };
		933B3AE4277B865700E8A35C /* iOSTestsDemo_UIUITestsLaunchTests.swift in Sources */ = {isa = PBXBuildFile; fileRef = 933B3AE3277B865700E8A35C /* iOSTestsDemo_UIUITestsLaunchTests.swift */; };
/* End PBXBuildFile section */

/* Begin PBXContainerItemProxy section */
		933B3AD4277B865700E8A35C /* PBXContainerItemProxy */ = {
			isa = PBXContainerItemProxy;
			containerPortal = 933B3AB5277B865400E8A35C /* Project object */;
			proxyType = 1;
			remoteGlobalIDString = 933B3ABC277B865400E8A35C;
			remoteInfo = iOSTestsDemo_UI;
		};
		933B3ADE277B865700E8A35C /* PBXContainerItemProxy */ = {
			isa = PBXContainerItemProxy;
			containerPortal = 933B3AB5277B865400E8A35C /* Project object */;
			proxyType = 1;
			remoteGlobalIDString = 933B3ABC277B865400E8A35C;
			remoteInfo = iOSTestsDemo_UI;
		};
/* End PBXContainerItemProxy section */

/* Begin PBXFileReference section */
		933B3ABD277B865400E8A35C /* iOSTestsDemo_UI.app */ = {isa = PBXFileReference; explicitFileType = wrapper.application; includeInIndex = 0; path = iOSTestsDemo_UI.app; sourceTree = BUILT_PRODUCTS_DIR; };
		933B3AC0277B865400E8A35C /* AppDelegate.swift */ = {isa = PBXFileReference; lastKnownFileType = sourcecode.swift; path = AppDelegate.swift; sourceTree = "<group>"; };
		933B3AC2277B865400E8A35C /* SceneDelegate.swift */ = {isa = PBXFileReference; lastKnownFileType = sourcecode.swift; path = SceneDelegate.swift; sourceTree = "<group>"; };
		933B3AC4277B865400E8A35C /* ViewController.swift */ = {isa = PBXFileReference; lastKnownFileType = sourcecode.swift; path = ViewController.swift; sourceTree = "<group>"; };
		933B3AC7277B865400E8A35C /* Base */ = {isa = PBXFileReference; lastKnownFileType = file.storyboard; name = Base; path = Base.lproj/Main.storyboard; sourceTree = "<group>"; };
		933B3AC9277B865600E8A35C /* Assets.xcassets */ = {isa = PBXFileReference; lastKnownFileType = folder.assetcatalog; path = Assets.xcassets; sourceTree = "<group>"; };
		933B3ACC277B865600E8A35C /* Base */ = {isa = PBXFileReference; lastKnownFileType = file.storyboard; name = Base; path = Base.lproj/LaunchScreen.storyboard; sourceTree = "<group>"; };
		933B3ACE277B865600E8A35C /* Info.plist */ = {isa = PBXFileReference; lastKnownFileType = text.plist.xml; path = Info.plist; sourceTree = "<group>"; };
		933B3AD3277B865700E8A35C /* iOSTestsDemo_UITests.xctest */ = {isa = PBXFileReference; explicitFileType = wrapper.cfbundle; includeInIndex = 0; path = iOSTestsDemo_UITests.xctest; sourceTree = BUILT_PRODUCTS_DIR; };
		933B3AD7277B865700E8A35C /* iOSTestsDemo_UITests.swift */ = {isa = PBXFileReference; lastKnownFileType = sourcecode.swift; path = iOSTestsDemo_UITests.swift; sourceTree = "<group>"; };
		933B3ADD277B865700E8A35C /* iOSTestsDemo_UIUITests.xctest */ = {isa = PBXFileReference; explicitFileType = wrapper.cfbundle; includeInIndex = 0; path = iOSTestsDemo_UIUITests.xctest; sourceTree = BUILT_PRODUCTS_DIR; };
		933B3AE1277B865700E8A35C /* iOSTestsDemo_UIUITests.swift */ = {isa = PBXFileReference; lastKnownFileType = sourcecode.swift; path = iOSTestsDemo_UIUITests.swift; sourceTree = "<group>"; };
		933B3AE3277B865700E8A35C /* iOSTestsDemo_UIUITestsLaunchTests.swift */ = {isa = PBXFileReference; lastKnownFileType = sourcecode.swift; path = iOSTestsDemo_UIUITestsLaunchTests.swift; sourceTree = "<group>"; };
/* End PBXFileReference section */

/* Begin PBXFrameworksBuildPhase section */
		933B3ABA277B865400E8A35C /* Frameworks */ = {
			isa = PBXFrameworksBuildPhase;
			buildActionMask = 2147483647;
			files = (
			);
			runOnlyForDeploymentPostprocessing = 0;
		};
		933B3AD0277B865700E8A35C /* Frameworks */ = {
			isa = PBXFrameworksBuildPhase;
			buildActionMask = 2147483647;
			files = (
			);
			runOnlyForDeploymentPostprocessing = 0;
		};
		933B3ADA277B865700E8A35C /* Frameworks */ = {
			isa = PBXFrameworksBuildPhase;
			buildActionMask = 2147483647;
			files = (
			);
			runOnlyForDeploymentPostprocessing = 0;
		};
/* End PBXFrameworksBuildPhase section */

/* Begin PBXGroup section */
		933B3AB4277B865400E8A35C = {
			isa = PBXGroup;
			children = (
				933B3ABF277B865400E8A35C /* iOSTestsDemo_UI */,
				933B3AD6277B865700E8A35C /* iOSTestsDemo_UITests */,
				933B3AE0277B865700E8A35C /* iOSTestsDemo_UIUITests */,
				933B3ABE277B865400E8A35C /* Products */,
			);
			sourceTree = "<group>";
		};
		933B3ABE277B865400E8A35C /* Products */ = {
			isa = PBXGroup;
			children = (
				933B3ABD277B865400E8A35C /* iOSTestsDemo_UI.app */,
				933B3AD3277B865700E8A35C /* iOSTestsDemo_UITests.xctest */,
				933B3ADD277B865700E8A35C /* iOSTestsDemo_UIUITests.xctest */,
			);
			name = Products;
			sourceTree = "<group>";
		};
		933B3ABF277B865400E8A35C /* iOSTestsDemo_UI */ = {
			isa = PBXGroup;
			children = (
				933B3AC0277B865400E8A35C /* AppDelegate.swift */,
				933B3AC2277B865400E8A35C /* SceneDelegate.swift */,
				933B3AC4277B865400E8A35C /* ViewController.swift */,
				933B3AC6277B865400E8A35C /* Main.storyboard */,
				933B3AC9277B865600E8A35C /* Assets.xcassets */,
				933B3ACB277B865600E8A35C /* LaunchScreen.storyboard */,
				933B3ACE277B865600E8A35C /* Info.plist */,
			);
			path = iOSTestsDemo_UI;
			sourceTree = "<group>";
		};
		933B3AD6277B865700E8A35C /* iOSTestsDemo_UITests */ = {
			isa = PBXGroup;
			children = (
				933B3AD7277B865700E8A35C /* iOSTestsDemo_UITests.swift */,
			);
			path = iOSTestsDemo_UITests;
			sourceTree = "<group>";
		};
		933B3AE0277B865700E8A35C /* iOSTestsDemo_UIUITests */ = {
			isa = PBXGroup;
			children = (
				933B3AE1277B865700E8A35C /* iOSTestsDemo_UIUITests.swift */,
				933B3AE3277B865700E8A35C /* iOSTestsDemo_UIUITestsLaunchTests.swift */,
			);
			path = iOSTestsDemo_UIUITests;
			sourceTree = "<group>";
		};
/* End PBXGroup section */

/* Begin PBXNativeTarget section */
		933B3ABC277B865400E8A35C /* iOSTestsDemo_UI */ = {
			isa = PBXNativeTarget;
			buildConfigurationList = 933B3AE7277B865700E8A35C /* Build configuration list for PBXNativeTarget "iOSTestsDemo_UI" */;
			buildPhases = (
				933B3AB9277B865400E8A35C /* Sources */,
				933B3ABA277B865400E8A35C /* Frameworks */,
				933B3ABB277B865400E8A35C /* Resources */,
			);
			buildRules = (
			);
			dependencies = (
			);
			name = iOSTestsDemo_UI;
			productName = iOSTestsDemo_UI;
			productReference = 933B3ABD277B865400E8A35C /* iOSTestsDemo_UI.app */;
			productType = "com.apple.product-type.application";
		};
		933B3AD2277B865700E8A35C /* iOSTestsDemo_UITests */ = {
			isa = PBXNativeTarget;
			buildConfigurationList = 933B3AEA277B865700E8A35C /* Build configuration list for PBXNativeTarget "iOSTestsDemo_UITests" */;
			buildPhases = (
				933B3ACF277B865700E8A35C /* Sources */,
				933B3AD0277B865700E8A35C /* Frameworks */,
				933B3AD1277B865700E8A35C /* Resources */,
			);
			buildRules = (
			);
			dependencies = (
				933B3AD5277B865700E8A35C /* PBXTargetDependency */,
			);
			name = iOSTestsDemo_UITests;
			productName = iOSTestsDemo_UITests;
			productReference = 933B3AD3277B865700E8A35C /* iOSTestsDemo_UITests.xctest */;
			productType = "com.apple.product-type.bundle.unit-test";
		};
		933B3ADC277B865700E8A35C /* iOSTestsDemo_UIUITests */ = {
			isa = PBXNativeTarget;
			buildConfigurationList = 933B3AED277B865700E8A35C /* Build configuration list for PBXNativeTarget "iOSTestsDemo_UIUITests" */;
			buildPhases = (
				933B3AD9277B865700E8A35C /* Sources */,
				933B3ADA277B865700E8A35C /* Frameworks */,
				933B3ADB277B865700E8A35C /* Resources */,
			);
			buildRules = (
			);
			dependencies = (
				933B3ADF277B865700E8A35C /* PBXTargetDependency */,
			);
			name = iOSTestsDemo_UIUITests;
			productName = iOSTestsDemo_UIUITests;
			productReference = 933B3ADD277B865700E8A35C /* iOSTestsDemo_UIUITests.xctest */;
			productType = "com.apple.product-type.bundle.ui-testing";
		};
/* End PBXNativeTarget section */

/* Begin PBXProject section */
		933B3AB5277B865400E8A35C /* Project object */ = {
			isa = PBXProject;
			attributes = {
				BuildIndependentTargetsInParallel = 1;
				LastSwiftUpdateCheck = 1320;
				LastUpgradeCheck = 1320;
				TargetAttributes = {
					933B3ABC277B865400E8A35C = {
						CreatedOnToolsVersion = 13.2;
					};
					933B3AD2277B865700E8A35C = {
						CreatedOnToolsVersion = 13.2;
						TestTargetID = 933B3ABC277B865400E8A35C;
					};
					933B3ADC277B865700E8A35C = {
						CreatedOnToolsVersion = 13.2;
						TestTargetID = 933B3ABC277B865400E8A35C;
					};
				};
			};
			buildConfigurationList = 933B3AB8277B865400E8A35C /* Build configuration list for PBXProject "iOSTestsDemo_UI" */;
			compatibilityVersion = "Xcode 13.0";
			developmentRegion = en;
			hasScannedForEncodings = 0;
			knownRegions = (
				en,
				Base,
			);
			mainGroup = 933B3AB4277B865400E8A35C;
			productRefGroup = 933B3ABE277B865400E8A35C /* Products */;
			projectDirPath = "";
			projectRoot = "";
			targets = (
				933B3ABC277B865400E8A35C /* iOSTestsDemo_UI */,
				933B3AD2277B865700E8A35C /* iOSTestsDemo_UITests */,
				933B3ADC277B865700E8A35C /* iOSTestsDemo_UIUITests */,
			);
		};
/* End PBXProject section */

/* Begin PBXResourcesBuildPhase section */
		933B3ABB277B865400E8A35C /* Resources */ = {
			isa = PBXResourcesBuildPhase;
			buildActionMask = 2147483647;
			files = (
				933B3ACD277B865600E8A35C /* LaunchScreen.storyboard in Resources */,
				933B3ACA277B865600E8A35C /* Assets.xcassets in Resources */,
				933B3AC8277B865400E8A35C /* Main.storyboard in Resources */,
			);
			runOnlyForDeploymentPostprocessing = 0;
		};
		933B3AD1277B865700E8A35C /* Resources */ = {
			isa = PBXResourcesBuildPhase;
			buildActionMask = 2147483647;
			files = (
			);
			runOnlyForDeploymentPostprocessing = 0;
		};
		933B3ADB277B865700E8A35C /* Resources */ = {
			isa = PBXResourcesBuildPhase;
			buildActionMask = 2147483647;
			files = (
			);
			runOnlyForDeploymentPostprocessing = 0;
		};
/* End PBXResourcesBuildPhase section */

/* Begin PBXSourcesBuildPhase section */
		933B3AB9277B865400E8A35C /* Sources */ = {
			isa = PBXSourcesBuildPhase;
			buildActionMask = 2147483647;
			files = (
				933B3AC5277B865400E8A35C /* ViewController.swift in Sources */,
				933B3AC1277B865400E8A35C /* AppDelegate.swift in Sources */,
				933B3AC3277B865400E8A35C /* SceneDelegate.swift in Sources */,
			);
			runOnlyForDeploymentPostprocessing = 0;
		};
		933B3ACF277B865700E8A35C /* Sources */ = {
			isa = PBXSourcesBuildPhase;
			buildActionMask = 2147483647;
			files = (
				933B3AD8277B865700E8A35C /* iOSTestsDemo_UITests.swift in Sources */,
			);
			runOnlyForDeploymentPostprocessing = 0;
		};
		933B3AD9277B865700E8A35C /* Sources */ = {
			isa = PBXSourcesBuildPhase;
			buildActionMask = 2147483647;
			files = (
				933B3AE2277B865700E8A35C /* iOSTestsDemo_UIUITests.swift in Sources */,
				933B3AE4277B865700E8A35C /* iOSTestsDemo_UIUITestsLaunchTests.swift in Sources */,
			);
			runOnlyForDeploymentPostprocessing = 0;
		};
/* End PBXSourcesBuildPhase section */

/* Begin PBXTargetDependency section */
		933B3AD5277B865700E8A35C /* PBXTargetDependency */ = {
			isa = PBXTargetDependency;
			target = 933B3ABC277B865400E8A35C /* iOSTestsDemo_UI */;
			targetProxy = 933B3AD4277B865700E8A35C /* PBXContainerItemProxy */;
		};
		933B3ADF277B865700E8A35C /* PBXTargetDependency */ = {
			isa = PBXTargetDependency;
			target = 933B3ABC277B865400E8A35C /* iOSTestsDemo_UI */;
			targetProxy = 933B3ADE277B865700E8A35C /* PBXContainerItemProxy */;
		};
/* End PBXTargetDependency section */

/* Begin PBXVariantGroup section */
		933B3AC6277B865400E8A35C /* Main.storyboard */ = {
			isa = PBXVariantGroup;
			children = (
				933B3AC7277B865400E8A35C /* Base */,
			);
			name = Main.storyboard;
			sourceTree = "<group>";
		};
		933B3ACB277B865600E8A35C /* LaunchScreen.storyboard */ = {
			isa = PBXVariantGroup;
			children = (
				933B3ACC277B865600E8A35C /* Base */,
			);
			name = LaunchScreen.storyboard;
			sourceTree = "<group>";
		};
/* End PBXVariantGroup section */

/* Begin XCBuildConfiguration section */
		933B3AE5277B865700E8A35C /* Debug */ = {
			isa = XCBuildConfiguration;
			buildSettings = {
				ALWAYS_SEARCH_USER_PATHS = NO;
				CLANG_ANALYZER_NONNULL = YES;
				CLANG_ANALYZER_NUMBER_OBJECT_CONVERSION = YES_AGGRESSIVE;
				CLANG_CXX_LANGUAGE_STANDARD = "gnu++17";
				CLANG_CXX_LIBRARY = "libc++";
				CLANG_ENABLE_MODULES = YES;
				CLANG_ENABLE_OBJC_ARC = YES;
				CLANG_ENABLE_OBJC_WEAK = YES;
				CLANG_WARN_BLOCK_CAPTURE_AUTORELEASING = YES;
				CLANG_WARN_BOOL_CONVERSION = YES;
				CLANG_WARN_COMMA = YES;
				CLANG_WARN_CONSTANT_CONVERSION = YES;
				CLANG_WARN_DEPRECATED_OBJC_IMPLEMENTATIONS = YES;
				CLANG_WARN_DIRECT_OBJC_ISA_USAGE = YES_ERROR;
				CLANG_WARN_DOCUMENTATION_COMMENTS = YES;
				CLANG_WARN_EMPTY_BODY = YES;
				CLANG_WARN_ENUM_CONVERSION = YES;
				CLANG_WARN_INFINITE_RECURSION = YES;
				CLANG_WARN_INT_CONVERSION = YES;
				CLANG_WARN_NON_LITERAL_NULL_CONVERSION = YES;
				CLANG_WARN_OBJC_IMPLICIT_RETAIN_SELF = YES;
				CLANG_WARN_OBJC_LITERAL_CONVERSION = YES;
				CLANG_WARN_OBJC_ROOT_CLASS = YES_ERROR;
				CLANG_WARN_QUOTED_INCLUDE_IN_FRAMEWORK_HEADER = YES;
				CLANG_WARN_RANGE_LOOP_ANALYSIS = YES;
				CLANG_WARN_STRICT_PROTOTYPES = YES;
				CLANG_WARN_SUSPICIOUS_MOVE = YES;
				CLANG_WARN_UNGUARDED_AVAILABILITY = YES_AGGRESSIVE;
				CLANG_WARN_UNREACHABLE_CODE = YES;
				CLANG_WARN__DUPLICATE_METHOD_MATCH = YES;
				COPY_PHASE_STRIP = NO;
				DEBUG_INFORMATION_FORMAT = dwarf;
				ENABLE_STRICT_OBJC_MSGSEND = YES;
				ENABLE_TESTABILITY = YES;
				GCC_C_LANGUAGE_STANDARD = gnu11;
				GCC_DYNAMIC_NO_PIC = NO;
				GCC_NO_COMMON_BLOCKS = YES;
				GCC_OPTIMIZATION_LEVEL = 0;
				GCC_PREPROCESSOR_DEFINITIONS = (
					"DEBUG=1",
					"$(inherited)",
				);
				GCC_WARN_64_TO_32_BIT_CONVERSION = YES;
				GCC_WARN_ABOUT_RETURN_TYPE = YES_ERROR;
				GCC_WARN_UNDECLARED_SELECTOR = YES;
				GCC_WARN_UNINITIALIZED_AUTOS = YES_AGGRESSIVE;
				GCC_WARN_UNUSED_FUNCTION = YES;
				GCC_WARN_UNUSED_VARIABLE = YES;
				IPHONEOS_DEPLOYMENT_TARGET = 15.2;
				MTL_ENABLE_DEBUG_INFO = INCLUDE_SOURCE;
				MTL_FAST_MATH = YES;
				ONLY_ACTIVE_ARCH = YES;
				SDKROOT = iphoneos;
				SWIFT_ACTIVE_COMPILATION_CONDITIONS = DEBUG;
				SWIFT_OPTIMIZATION_LEVEL = "-Onone";
			};
			name = Debug;
		};
		933B3AE6277B865700E8A35C /* Release */ = {
			isa = XCBuildConfiguration;
			buildSettings = {
				ALWAYS_SEARCH_USER_PATHS = NO;
				CLANG_ANALYZER_NONNULL = YES;
				CLANG_ANALYZER_NUMBER_OBJECT_CONVERSION = YES_AGGRESSIVE;
				CLANG_CXX_LANGUAGE_STANDARD = "gnu++17";
				CLANG_CXX_LIBRARY = "libc++";
				CLANG_ENABLE_MODULES = YES;
				CLANG_ENABLE_OBJC_ARC = YES;
				CLANG_ENABLE_OBJC_WEAK = YES;
				CLANG_WARN_BLOCK_CAPTURE_AUTORELEASING = YES;
				CLANG_WARN_BOOL_CONVERSION = YES;
				CLANG_WARN_COMMA = YES;
				CLANG_WARN_CONSTANT_CONVERSION = YES;
				CLANG_WARN_DEPRECATED_OBJC_IMPLEMENTATIONS = YES;
				CLANG_WARN_DIRECT_OBJC_ISA_USAGE = YES_ERROR;
				CLANG_WARN_DOCUMENTATION_COMMENTS = YES;
				CLANG_WARN_EMPTY_BODY = YES;
				CLANG_WARN_ENUM_CONVERSION = YES;
				CLANG_WARN_INFINITE_RECURSION = YES;
				CLANG_WARN_INT_CONVERSION = YES;
				CLANG_WARN_NON_LITERAL_NULL_CONVERSION = YES;
				CLANG_WARN_OBJC_IMPLICIT_RETAIN_SELF = YES;
				CLANG_WARN_OBJC_LITERAL_CONVERSION = YES;
				CLANG_WARN_OBJC_ROOT_CLASS = YES_ERROR;
				CLANG_WARN_QUOTED_INCLUDE_IN_FRAMEWORK_HEADER = YES;
				CLANG_WARN_RANGE_LOOP_ANALYSIS = YES;
				CLANG_WARN_STRICT_PROTOTYPES = YES;
				CLANG_WARN_SUSPICIOUS_MOVE = YES;
				CLANG_WARN_UNGUARDED_AVAILABILITY = YES_AGGRESSIVE;
				CLANG_WARN_UNREACHABLE_CODE = YES;
				CLANG_WARN__DUPLICATE_METHOD_MATCH = YES;
				COPY_PHASE_STRIP = NO;
				DEBUG_INFORMATION_FORMAT = "dwarf-with-dsym";
				ENABLE_NS_ASSERTIONS = NO;
				ENABLE_STRICT_OBJC_MSGSEND = YES;
				GCC_C_LANGUAGE_STANDARD = gnu11;
				GCC_NO_COMMON_BLOCKS = YES;
				GCC_WARN_64_TO_32_BIT_CONVERSION = YES;
				GCC_WARN_ABOUT_RETURN_TYPE = YES_ERROR;
				GCC_WARN_UNDECLARED_SELECTOR = YES;
				GCC_WARN_UNINITIALIZED_AUTOS = YES_AGGRESSIVE;
				GCC_WARN_UNUSED_FUNCTION = YES;
				GCC_WARN_UNUSED_VARIABLE = YES;
				IPHONEOS_DEPLOYMENT_TARGET = 15.2;
				MTL_ENABLE_DEBUG_INFO = NO;
				MTL_FAST_MATH = YES;
				SDKROOT = iphoneos;
				SWIFT_COMPILATION_MODE = wholemodule;
				SWIFT_OPTIMIZATION_LEVEL = "-O";
				VALIDATE_PRODUCT = YES;
			};
			name = Release;
		};
		933B3AE8277B865700E8A35C /* Debug */ = {
			isa = XCBuildConfiguration;
			buildSettings = {
				ASSETCATALOG_COMPILER_APPICON_NAME = AppIcon;
				ASSETCATALOG_COMPILER_GLOBAL_ACCENT_COLOR_NAME = AccentColor;
				CODE_SIGN_STYLE = Automatic;
				CURRENT_PROJECT_VERSION = 1;
				DEVELOPMENT_TEAM = U2BKJ22455;
				GENERATE_INFOPLIST_FILE = YES;
				INFOPLIST_FILE = iOSTestsDemo_UI/Info.plist;
				INFOPLIST_KEY_UIApplicationSupportsIndirectInputEvents = YES;
				INFOPLIST_KEY_UILaunchStoryboardName = LaunchScreen;
				INFOPLIST_KEY_UIMainStoryboardFile = Main;
				INFOPLIST_KEY_UISupportedInterfaceOrientations_iPad = "UIInterfaceOrientationPortrait UIInterfaceOrientationPortraitUpsideDown UIInterfaceOrientationLandscapeLeft UIInterfaceOrientationLandscapeRight";
				INFOPLIST_KEY_UISupportedInterfaceOrientations_iPhone = "UIInterfaceOrientationPortrait UIInterfaceOrientationLandscapeLeft UIInterfaceOrientationLandscapeRight";
				LD_RUNPATH_SEARCH_PATHS = (
					"$(inherited)",
					"@executable_path/Frameworks",
				);
				MARKETING_VERSION = 1.0;
				PRODUCT_BUNDLE_IDENTIFIER = "com.joorgecarvalho.iOSTestsDemo-UI";
				PRODUCT_NAME = "$(TARGET_NAME)";
				SWIFT_EMIT_LOC_STRINGS = YES;
				SWIFT_VERSION = 5.0;
				TARGETED_DEVICE_FAMILY = "1,2";
			};
			name = Debug;
		};
		933B3AE9277B865700E8A35C /* Release */ = {
			isa = XCBuildConfiguration;
			buildSettings = {
				ASSETCATALOG_COMPILER_APPICON_NAME = AppIcon;
				ASSETCATALOG_COMPILER_GLOBAL_ACCENT_COLOR_NAME = AccentColor;
				CODE_SIGN_STYLE = Automatic;
				CURRENT_PROJECT_VERSION = 1;
				DEVELOPMENT_TEAM = U2BKJ22455;
				GENERATE_INFOPLIST_FILE = YES;
				INFOPLIST_FILE = iOSTestsDemo_UI/Info.plist;
				INFOPLIST_KEY_UIApplicationSupportsIndirectInputEvents = YES;
				INFOPLIST_KEY_UILaunchStoryboardName = LaunchScreen;
				INFOPLIST_KEY_UIMainStoryboardFile = Main;
				INFOPLIST_KEY_UISupportedInterfaceOrientations_iPad = "UIInterfaceOrientationPortrait UIInterfaceOrientationPortraitUpsideDown UIInterfaceOrientationLandscapeLeft UIInterfaceOrientationLandscapeRight";
				INFOPLIST_KEY_UISupportedInterfaceOrientations_iPhone = "UIInterfaceOrientationPortrait UIInterfaceOrientationLandscapeLeft UIInterfaceOrientationLandscapeRight";
				LD_RUNPATH_SEARCH_PATHS = (
					"$(inherited)",
					"@executable_path/Frameworks",
				);
				MARKETING_VERSION = 1.0;
				PRODUCT_BUNDLE_IDENTIFIER = "com.joorgecarvalho.iOSTestsDemo-UI";
				PRODUCT_NAME = "$(TARGET_NAME)";
				SWIFT_EMIT_LOC_STRINGS = YES;
				SWIFT_VERSION = 5.0;
				TARGETED_DEVICE_FAMILY = "1,2";
			};
			name = Release;
		};
		933B3AEB277B865700E8A35C /* Debug */ = {
			isa = XCBuildConfiguration;
			buildSettings = {
				ALWAYS_EMBED_SWIFT_STANDARD_LIBRARIES = YES;
				BUNDLE_LOADER = "$(TEST_HOST)";
				CODE_SIGN_STYLE = Automatic;
				CURRENT_PROJECT_VERSION = 1;
				DEVELOPMENT_TEAM = U2BKJ22455;
				GENERATE_INFOPLIST_FILE = YES;
				IPHONEOS_DEPLOYMENT_TARGET = 15.2;
				MARKETING_VERSION = 1.0;
				PRODUCT_BUNDLE_IDENTIFIER = "com.joorgecarvalho.iOSTestsDemo-UITests";
				PRODUCT_NAME = "$(TARGET_NAME)";
				SWIFT_EMIT_LOC_STRINGS = NO;
				SWIFT_VERSION = 5.0;
				TARGETED_DEVICE_FAMILY = "1,2";
				TEST_HOST = "$(BUILT_PRODUCTS_DIR)/iOSTestsDemo_UI.app/iOSTestsDemo_UI";
			};
			name = Debug;
		};
		933B3AEC277B865700E8A35C /* Release */ = {
			isa = XCBuildConfiguration;
			buildSettings = {
				ALWAYS_EMBED_SWIFT_STANDARD_LIBRARIES = YES;
				BUNDLE_LOADER = "$(TEST_HOST)";
				CODE_SIGN_STYLE = Automatic;
				CURRENT_PROJECT_VERSION = 1;
				DEVELOPMENT_TEAM = U2BKJ22455;
				GENERATE_INFOPLIST_FILE = YES;
				IPHONEOS_DEPLOYMENT_TARGET = 15.2;
				MARKETING_VERSION = 1.0;
				PRODUCT_BUNDLE_IDENTIFIER = "com.joorgecarvalho.iOSTestsDemo-UITests";
				PRODUCT_NAME = "$(TARGET_NAME)";
				SWIFT_EMIT_LOC_STRINGS = NO;
				SWIFT_VERSION = 5.0;
				TARGETED_DEVICE_FAMILY = "1,2";
				TEST_HOST = "$(BUILT_PRODUCTS_DIR)/iOSTestsDemo_UI.app/iOSTestsDemo_UI";
			};
			name = Release;
		};
		933B3AEE277B865700E8A35C /* Debug */ = {
			isa = XCBuildConfiguration;
			buildSettings = {
				ALWAYS_EMBED_SWIFT_STANDARD_LIBRARIES = YES;
				CODE_SIGN_STYLE = Automatic;
				CURRENT_PROJECT_VERSION = 1;
				DEVELOPMENT_TEAM = U2BKJ22455;
				GENERATE_INFOPLIST_FILE = YES;
				MARKETING_VERSION = 1.0;
				PRODUCT_BUNDLE_IDENTIFIER = "com.joorgecarvalho.iOSTestsDemo-UIUITests";
				PRODUCT_NAME = "$(TARGET_NAME)";
				SWIFT_EMIT_LOC_STRINGS = NO;
				SWIFT_VERSION = 5.0;
				TARGETED_DEVICE_FAMILY = "1,2";
				TEST_TARGET_NAME = iOSTestsDemo_UI;
			};
			name = Debug;
		};
		933B3AEF277B865700E8A35C /* Release */ = {
			isa = XCBuildConfiguration;
			buildSettings = {
				ALWAYS_EMBED_SWIFT_STANDARD_LIBRARIES = YES;
				CODE_SIGN_STYLE = Automatic;
				CURRENT_PROJECT_VERSION = 1;
				DEVELOPMENT_TEAM = U2BKJ22455;
				GENERATE_INFOPLIST_FILE = YES;
				MARKETING_VERSION = 1.0;
				PRODUCT_BUNDLE_IDENTIFIER = "com.joorgecarvalho.iOSTestsDemo-UIUITests";
				PRODUCT_NAME = "$(TARGET_NAME)";
				SWIFT_EMIT_LOC_STRINGS = NO;
				SWIFT_VERSION = 5.0;
				TARGETED_DEVICE_FAMILY = "1,2";
				TEST_TARGET_NAME = iOSTestsDemo_UI;
			};
			name = Release;
		};
/* End XCBuildConfiguration section */

/* Begin XCConfigurationList section */
		933B3AB8277B865400E8A35C /* Build configuration list for PBXProject "iOSTestsDemo_UI" */ = {
			isa = XCConfigurationList;
			buildConfigurations = (
				933B3AE5277B865700E8A35C /* Debug */,
				933B3AE6277B865700E8A35C /* Release */,
			);
			defaultConfigurationIsVisible = 0;
			defaultConfigurationName = Release;
		};
		933B3AE7277B865700E8A35C /* Build configuration list for PBXNativeTarget "iOSTestsDemo_UI" */ = {
			isa = XCConfigurationList;
			buildConfigurations = (
				933B3AE8277B865700E8A35C /* Debug */,
				933B3AE9277B865700E8A35C /* Release */,
			);
			defaultConfigurationIsVisible = 0;
			defaultConfigurationName = Release;
		};
		933B3AEA277B865700E8A35C /* Build configuration list for PBXNativeTarget "iOSTestsDemo_UITests" */ = {
			isa = XCConfigurationList;
			buildConfigurations = (
				933B3AEB277B865700E8A35C /* Debug */,
				933B3AEC277B865700E8A35C /* Release */,
			);
			defaultConfigurationIsVisible = 0;
			defaultConfigurationName = Release;
		};
		933B3AED277B865700E8A35C /* Build configuration list for PBXNativeTarget "iOSTestsDemo_UIUITests" */ = {
			isa = XCConfigurationList;
			buildConfigurations = (
				933B3AEE277B865700E8A35C /* Debug */,
				933B3AEF277B865700E8A35C /* Release */,
			);
			defaultConfigurationIsVisible = 0;
			defaultConfigurationName = Release;
		};
/* End XCConfigurationList section */
	};
	rootObject = 933B3AB5277B865400E8A35C /* Project object */;
}
